<?xml version="1.0" encoding="utf-8"?>
<Project ToolsVersion="4.0" xmlns="http://schemas.microsoft.com/developer/msbuild/2003">
  <ItemGroup>
    <Filter Include="Source Files">
      <UniqueIdentifier>{4FC737F1-C7A5-4376-A066-2A32D752A2FF}</UniqueIdentifier>
      <Extensions>cpp;cxx;c;def</Extensions>
    </Filter>
    <Filter Include="Header Files">
      <UniqueIdentifier>{93995380-89BD-4b04-88EB-625FBE52EBFB}</UniqueIdentifier>
      <Extensions>h</Extensions>
    </Filter>
    <Filter Include="Form Files">
      <UniqueIdentifier>{99349809-55BA-4b9d-BF79-8FDBB0286EB3}</UniqueIdentifier>
      <Extensions>ui</Extensions>
    </Filter>
    <Filter Include="Resource Files">
      <UniqueIdentifier>{D9D6E242-F8AF-46E4-B9FD-80ECBC20BA3E}</UniqueIdentifier>
      <Extensions>qrc;*</Extensions>
      <ParseFiles>false</ParseFiles>
    </Filter>
    <Filter Include="Generated Files">
      <UniqueIdentifier>{71ED8ED8-ACB9-4CE9-BBE1-E00B30144E11}</UniqueIdentifier>
      <Extensions>moc;h;cpp</Extensions>
      <SourceControlFiles>False</SourceControlFiles>
    </Filter>
    <Filter Include="Generated Files\Debug">
      <UniqueIdentifier>{0ef3197f-cea4-4939-a4ef-5fc7576170d2}</UniqueIdentifier>
      <Extensions>cpp;moc</Extensions>
      <SourceControlFiles>False</SourceControlFiles>
    </Filter>
    <Filter Include="Generated Files\Release">
      <UniqueIdentifier>{63e8510d-63e4-43c5-8eff-858e39dec450}</UniqueIdentifier>
      <Extensions>cpp;moc</Extensions>
      <SourceControlFiles>False</SourceControlFiles>
    </Filter>
  </ItemGroup>
  <ItemGroup>
    <ClCompile Include="GeneratedFiles\qrc_xbw32.cpp">
      <Filter>Generated Files</Filter>
    </ClCompile>
    <ClCompile Include="bb.main.cpp">
      <Filter>Source Files</Filter>
    </ClCompile>
    <ClCompile Include="bb.MDIFrameWindow.cpp">
      <Filter>Source Files</Filter>
    </ClCompile>
    <ClCompile Include="bb.application.cpp">
      <Filter>Source Files</Filter>
    </ClCompile>
    <ClCompile Include="bb.group_manager.cpp">
      <Filter>Source Files</Filter>
    </ClCompile>
    <ClCompile Include="bb.create_database_data.cpp">
      <Filter>Source Files</Filter>
    </ClCompile>
    <ClCompile Include="bb.table_interface.cpp">
      <Filter>Source Files</Filter>
    </ClCompile>
    <ClCompile Include="bb.table_controller.cpp">
      <Filter>Source Files</Filter>
    </ClCompile>
    <ClCompile Include="bb.table_information.cpp">
      <Filter>Source Files</Filter>
    </ClCompile>
    <ClCompile Include="bb.table_numbers.cpp">
      <Filter>Source Files</Filter>
    </ClCompile>
    <ClCompile Include="bb.table_resources.cpp">
      <Filter>Source Files</Filter>
    </ClCompile>
    <ClCompile Include="bb.dialog_config_application_options.cpp">
      <Filter>Source Files</Filter>
    </ClCompile>
    <ClCompile Include="bb.dialog_list_sql_server_intances.cpp">
      <Filter>Source Files</Filter>
    </ClCompile>
    <ClCompile Include="bb.dialog_new_paperss.cpp">
      <Filter>Source Files</Filter>
    </ClCompile>
    <ClCompile Include="bb.dialog_open_list_papers.cpp">
      <Filter>Source Files</Filter>
    </ClCompile>
    <ClCompile Include="bb.mdichildwindow_new_paper.cpp">
      <Filter>Source Files</Filter>
    </ClCompile>
    <ClCompile Include="bb.mdichildwindow_open_paper.cpp">
      <Filter>Source Files</Filter>
    </ClCompile>
    <ClCompile Include="bb.mdichildwindow_print_preview.cpp">
      <Filter>Source Files</Filter>
    </ClCompile>
    <ClCompile Include="bb.box_buttons.cpp">
      <Filter>Source Files</Filter>
    </ClCompile>
    <ClCompile Include="bb.box_editions.cpp">
      <Filter>Source Files</Filter>
    </ClCompile>
    <ClCompile Include="bb.mdichildwindow.cpp">
      <Filter>Source Files</Filter>
    </ClCompile>
    <ClCompile Include="bb.box_information.cpp">
      <Filter>Source Files</Filter>
    </ClCompile>
    <ClCompile Include="bb.box_list_items.cpp">
      <Filter>Source Files</Filter>
    </ClCompile>
    <ClCompile Include="bb.box_numbers.cpp">
      <Filter>Source Files</Filter>
    </ClCompile>
    <ClCompile Include="bb.box_page_numbers.cpp">
      <Filter>Source Files</Filter>
    </ClCompile>
    <ClCompile Include="bb.box_search.cpp">
      <Filter>Source Files</Filter>
    </ClCompile>
    <ClCompile Include="bb.box_select_group_page.cpp">
      <Filter>Source Files</Filter>
    </ClCompile>
    <ClCompile Include="bb.box_menu_tools.cpp">
      <Filter>Source Files</Filter>
    </ClCompile>
    <ClCompile Include="bb.box_print_preview.cpp">
      <Filter>Source Files</Filter>
    </ClCompile>
    <ClCompile Include="bb.spreadsheet_advanced.cpp">
      <Filter>Source Files</Filter>
    </ClCompile>
    <ClCompile Include="bb.spreadsheet_box_entry_numbers.cpp">
      <Filter>Source Files</Filter>
    </ClCompile>
    <ClCompile Include="bb.mdichildwindow_special_combination.cpp">
      <Filter>Source Files</Filter>
    </ClCompile>
    <ClCompile Include="bb.spreadsheet_delete.cpp">
      <Filter>Source Files</Filter>
    </ClCompile>
    <ClCompile Include="bb.spreadsheet_edit_finder.cpp">
      <Filter>Source Files</Filter>
    </ClCompile>
    <ClCompile Include="bb.spreadsheet_edit_finder_numbers.cpp">
      <Filter>Source Files</Filter>
    </ClCompile>
    <ClCompile Include="bb.spreadsheet_initialize_distribution.cpp">
      <Filter>Source Files</Filter>
    </ClCompile>
    <ClCompile Include="bb.spreadsheet_insert.cpp">
      <Filter>Source Files</Filter>
    </ClCompile>
    <ClCompile Include="bb.spreadsheet_insert_by.cpp">
      <Filter>Source Files</Filter>
    </ClCompile>
    <ClCompile Include="bb.spreadsheet_manual_insert.cpp">
      <Filter>Source Files</Filter>
    </ClCompile>
    <ClCompile Include="bb.spreadsheet_select_other_group.cpp">
      <Filter>Source Files</Filter>
    </ClCompile>
    <ClCompile Include="bb.spreadsheet_view.cpp">
      <Filter>Source Files</Filter>
    </ClCompile>
    <ClCompile Include="bb.table_item_delegate.cpp">
      <Filter>Source Files</Filter>
    </ClCompile>
    <ClCompile Include="bb.defs.cpp">
      <Filter>Source Files</Filter>
    </ClCompile>
    <ClCompile Include="bb.assign.cpp">
      <Filter>Source Files</Filter>
    </ClCompile>
  </ItemGroup>
  <ItemGroup>
    <CustomBuild Include="xbw32.ui">
      <Filter>Form Files</Filter>
    </CustomBuild>
    <CustomBuild Include="xbw32.qrc">
      <Filter>Resource Files</Filter>
    </CustomBuild>
    <CustomBuild Include="bb.Application.hpp">
      <Filter>Header Files</Filter>
    </CustomBuild>
    <CustomBuild Include="bb.MDIFrameWindow.hpp">
      <Filter>Header Files</Filter>
    </CustomBuild>
    <CustomBuild Include="bb.dialog_list_sql_server_intances.hpp">
      <Filter>Header Files</Filter>
    </CustomBuild>
    <CustomBuild Include="bb.dialog_new_papers.hpp">
      <Filter>Header Files</Filter>
    </CustomBuild>
    <CustomBuild Include="bb.dialog_open_list_papers.hpp">
      <Filter>Header Files</Filter>
    </CustomBuild>
    <CustomBuild Include="bb.mdichildwindow_new_paper.hpp">
      <Filter>Header Files</Filter>
    </CustomBuild>
    <CustomBuild Include="bb.mdichildwindow_open_paper.hpp">
      <Filter>Header Files</Filter>
    </CustomBuild>
    <CustomBuild Include="bb.mdichildwindow_print_preview.hpp">
      <Filter>Header Files</Filter>
    </CustomBuild>
    <CustomBuild Include="bb.mdichildwindow_special_combination.hpp">
      <Filter>Header Files</Filter>
    </CustomBuild>
    <CustomBuild Include="bb.spreadsheet_advanced.hpp">
      <Filter>Header Files</Filter>
    </CustomBuild>
    <CustomBuild Include="bb.spreadsheet_delete.hpp">
      <Filter>Header Files</Filter>
    </CustomBuild>
    <CustomBuild Include="bb.spreadsheet_edit_finder.hpp">
      <Filter>Header Files</Filter>
    </CustomBuild>
    <CustomBuild Include="bb.spreadsheet_initialize_distribution.hpp">
      <Filter>Header Files</Filter>
    </CustomBuild>
    <CustomBuild Include="bb.spreadsheet_insert.hpp">
      <Filter>Header Files</Filter>
    </CustomBuild>
    <CustomBuild Include="bb.spreadsheet_insert_by.hpp">
      <Filter>Header Files</Filter>
    </CustomBuild>
    <CustomBuild Include="bb.spreadsheet_manual_insert.hpp">
      <Filter>Header Files</Filter>
    </CustomBuild>
    <CustomBuild Include="bb.spreadsheet_select_other_group.hpp">
      <Filter>Header Files</Filter>
    </CustomBuild>
    <CustomBuild Include="bb.spreadsheet_view.hpp">
      <Filter>Header Files</Filter>
    </CustomBuild>
    <CustomBuild Include="bb.table_widgetitem_lineedit.hpp">
      <Filter>Header Files</Filter>
    </CustomBuild>
    <CustomBuild Include="bb.box_buttons.hpp">
      <Filter>Header Files</Filter>
    </CustomBuild>
    <CustomBuild Include="bb.box_editions.hpp">
      <Filter>Header Files</Filter>
    </CustomBuild>
    <CustomBuild Include="bb.box_information.hpp">
      <Filter>Header Files</Filter>
    </CustomBuild>
    <CustomBuild Include="bb.box_list_Items.hpp">
      <Filter>Header Files</Filter>
    </CustomBuild>
    <CustomBuild Include="bb.box_numbers.hpp">
      <Filter>Header Files</Filter>
    </CustomBuild>
    <CustomBuild Include="bb.box_page_numbers.hpp">
      <Filter>Header Files</Filter>
    </CustomBuild>
    <CustomBuild Include="bb.box_print_preview.hpp">
      <Filter>Header Files</Filter>
    </CustomBuild>
    <CustomBuild Include="bb.box_search.hpp">
      <Filter>Header Files</Filter>
    </CustomBuild>
    <CustomBuild Include="bb.box_select_group_page.hpp">
      <Filter>Header Files</Filter>
    </CustomBuild>
    <CustomBuild Include="bb.mdichildwindow.hpp">
      <Filter>Header Files</Filter>
    </CustomBuild>
    <CustomBuild Include="bb.spreadsheet_box_entry_numbers.hpp">
      <Filter>Header Files</Filter>
    </CustomBuild>
  </ItemGroup>
  <ItemGroup>
    <ClInclude Include="GeneratedFiles\ui_xbw32.h">
      <Filter>Generated Files</Filter>
    </ClInclude>
    <ClInclude Include="bb.defs.hpp">
      <Filter>Header Files</Filter>
    </ClInclude>
    <ClInclude Include="resource.h">
      <Filter>Header Files</Filter>
    </ClInclude>
    <ClInclude Include="resource1.h">
      <Filter>Header Files</Filter>
    </ClInclude>
    <ClInclude Include="resource2.h">
      <Filter>Header Files</Filter>
    </ClInclude>
    <ClInclude Include="bb.create_database_data.hpp">
      <Filter>Header Files</Filter>
    </ClInclude>
    <ClInclude Include="bb.dialog_config_application_options.hpp">
      <Filter>Header Files</Filter>
    </ClInclude>
    <ClInclude Include="bb.group_manager.hpp">
      <Filter>Header Files</Filter>
    </ClInclude>
    <ClInclude Include="bb.integral_validator.hpp">
      <Filter>Header Files</Filter>
    </ClInclude>
    <ClInclude Include="bb.local_settings.hpp">
      <Filter>Header Files</Filter>
    </ClInclude>
    <ClInclude Include="bb.spreadsheet_edit_finder_numbers.hpp">
      <Filter>Header Files</Filter>
    </ClInclude>
    <ClInclude Include="bb.table_interface.hpp">
      <Filter>Header Files</Filter>
    </ClInclude>
    <ClInclude Include="bb.box_menu_tools.hpp">
      <Filter>Header Files</Filter>
    </ClInclude>
    <ClInclude Include="bb.table_item_delegate.hpp">
      <Filter>Header Files</Filter>
    </ClInclude>
    <ClInclude Include="bb.assign.hpp">
      <Filter>Header Files</Filter>
    </ClInclude>
  </ItemGroup>
  <ItemGroup>
    <None Include="ClassDiagram.cd" />
    <None Include="App-atlantik.ico" />
    <None Include="packages.config" />
    <None Include="ClassDiagram1.cd" />
    <None Include="json_script\xbw32.json" />
  </ItemGroup>
  <ItemGroup>
    <ResourceCompile Include="xbw322.rc" />
  </ItemGroup>
</Project>